
Microsoft Visual Studio Solution File, Format Version 12.00
# Visual Studio Version 16
VisualStudioVersion = 16.0.32106.194
MinimumVisualStudioVersion = 10.0.40219.1
Project("{FAE04EC0-301F-11D3-BF4B-00C04F79EFBC}") = "exerciciosAllan", "exerciciosAllan\exerciciosAllan.csproj", "{A6762C27-A816-4C6D-B823-18E4DDC412E2}"
EndProject
Global
	GlobalSection(SolutionConfigurationPlatforms) = preSolution
		Debug|Any CPU = Debug|Any CPU
		Release|Any CPU = Release|Any CPU
	EndGlobalSection
	GlobalSection(ProjectConfigurationPlatforms) = postSolution
		{A6762C27-A816-4C6D-B823-18E4DDC412E2}.Debug|Any CPU.ActiveCfg = Debug|Any CPU
		{A6762C27-A816-4C6D-B823-18E4DDC412E2}.Debug|Any CPU.Build.0 = Debug|Any CPU
		{A6762C27-A816-4C6D-B823-18E4DDC412E2}.Release|Any CPU.ActiveCfg = Release|Any CPU
		{A6762C27-A816-4C6D-B823-18E4DDC412E2}.Release|Any CPU.Build.0 = Release|Any CPU
	EndGlobalSection
	GlobalSection(SolutionProperties) = preSolution
		HideSolutionNode = FALSE
	EndGlobalSection
	GlobalSection(ExtensibilityGlobals) = postSolution
		SolutionGuid = {D5049729-9A81-42A8-9C4E-E625BA9EB46C}
	EndGlobalSection
EndGlobal
